// !$*UTF8*$!
{
	archiveVersion = 1;
	classes = {
	};
	objectVersion = 50;
	objects = {

/* Begin PBXBuildFile section */
		0A5C49DD25BE659300CFBE60 /* AppDelegate.m in Sources */ = {isa = PBXBuildFile; fileRef = 0A5C49DC25BE659300CFBE60 /* AppDelegate.m */; };
		0A5C49E025BE659300CFBE60 /* SceneDelegate.m in Sources */ = {isa = PBXBuildFile; fileRef = 0A5C49DF25BE659300CFBE60 /* SceneDelegate.m */; };
		0A5C49E325BE659300CFBE60 /* ViewController.m in Sources */ = {isa = PBXBuildFile; fileRef = 0A5C49E225BE659300CFBE60 /* ViewController.m */; };
		0A5C49E625BE659300CFBE60 /* Main.storyboard in Resources */ = {isa = PBXBuildFile; fileRef = 0A5C49E425BE659300CFBE60 /* Main.storyboard */; };
		0A5C49E825BE659500CFBE60 /* Assets.xcassets in Resources */ = {isa = PBXBuildFile; fileRef = 0A5C49E725BE659500CFBE60 /* Assets.xcassets */; };
		0A5C49EB25BE659500CFBE60 /* LaunchScreen.storyboard in Resources */ = {isa = PBXBuildFile; fileRef = 0A5C49E925BE659500CFBE60 /* LaunchScreen.storyboard */; };
		0A5C49EE25BE659500CFBE60 /* main.m in Sources */ = {isa = PBXBuildFile; fileRef = 0A5C49ED25BE659500CFBE60 /* main.m */; };
		0A5C49F825BE659500CFBE60 /* Driver_RegisterTests.m in Sources */ = {isa = PBXBuildFile; fileRef = 0A5C49F725BE659500CFBE60 /* Driver_RegisterTests.m */; };
		0A5C4A0325BE659500CFBE60 /* Driver_RegisterUITests.m in Sources */ = {isa = PBXBuildFile; fileRef = 0A5C4A0225BE659500CFBE60 /* Driver_RegisterUITests.m */; };
/* End PBXBuildFile section */

/* Begin PBXContainerItemProxy section */
		0A5C49F425BE659500CFBE60 /* PBXContainerItemProxy */ = {
			isa = PBXContainerItemProxy;
			containerPortal = 0A5C49D025BE659300CFBE60 /* Project object */;
			proxyType = 1;
			remoteGlobalIDString = 0A5C49D725BE659300CFBE60;
			remoteInfo = Driver_Register;
		};
		0A5C49FF25BE659500CFBE60 /* PBXContainerItemProxy */ = {
			isa = PBXContainerItemProxy;
			containerPortal = 0A5C49D025BE659300CFBE60 /* Project object */;
			proxyType = 1;
			remoteGlobalIDString = 0A5C49D725BE659300CFBE60;
			remoteInfo = Driver_Register;
		};
/* End PBXContainerItemProxy section */

/* Begin PBXFileReference section */
		0A5C49D825BE659300CFBE60 /* Driver_Register.app */ = {isa = PBXFileReference; explicitFileType = wrapper.application; includeInIndex = 0; path = Driver_Register.app; sourceTree = BUILT_PRODUCTS_DIR; };
		0A5C49DB25BE659300CFBE60 /* AppDelegate.h */ = {isa = PBXFileReference; lastKnownFileType = sourcecode.c.h; path = AppDelegate.h; sourceTree = "<group>"; };
		0A5C49DC25BE659300CFBE60 /* AppDelegate.m */ = {isa = PBXFileReference; lastKnownFileType = sourcecode.c.objc; path = AppDelegate.m; sourceTree = "<group>"; };
		0A5C49DE25BE659300CFBE60 /* SceneDelegate.h */ = {isa = PBXFileReference; lastKnownFileType = sourcecode.c.h; path = SceneDelegate.h; sourceTree = "<group>"; };
		0A5C49DF25BE659300CFBE60 /* SceneDelegate.m */ = {isa = PBXFileReference; lastKnownFileType = sourcecode.c.objc; path = SceneDelegate.m; sourceTree = "<group>"; };
		0A5C49E125BE659300CFBE60 /* ViewController.h */ = {isa = PBXFileReference; lastKnownFileType = sourcecode.c.h; path = ViewController.h; sourceTree = "<group>"; };
		0A5C49E225BE659300CFBE60 /* ViewController.m */ = {isa = PBXFileReference; lastKnownFileType = sourcecode.c.objc; path = ViewController.m; sourceTree = "<group>"; };
		0A5C49E525BE659300CFBE60 /* Base */ = {isa = PBXFileReference; lastKnownFileType = file.storyboard; name = Base; path = Base.lproj/Main.storyboard; sourceTree = "<group>"; };
		0A5C49E725BE659500CFBE60 /* Assets.xcassets */ = {isa = PBXFileReference; lastKnownFileType = folder.assetcatalog; path = Assets.xcassets; sourceTree = "<group>"; };
		0A5C49EA25BE659500CFBE60 /* Base */ = {isa = PBXFileReference; lastKnownFileType = file.storyboard; name = Base; path = Base.lproj/LaunchScreen.storyboard; sourceTree = "<group>"; };
		0A5C49EC25BE659500CFBE60 /* Info.plist */ = {isa = PBXFileReference; lastKnownFileType = text.plist.xml; path = Info.plist; sourceTree = "<group>"; };
		0A5C49ED25BE659500CFBE60 /* main.m */ = {isa = PBXFileReference; lastKnownFileType = sourcecode.c.objc; path = main.m; sourceTree = "<group>"; };
		0A5C49F325BE659500CFBE60 /* Driver_RegisterTests.xctest */ = {isa = PBXFileReference; explicitFileType = wrapper.cfbundle; includeInIndex = 0; path = Driver_RegisterTests.xctest; sourceTree = BUILT_PRODUCTS_DIR; };
		0A5C49F725BE659500CFBE60 /* Driver_RegisterTests.m */ = {isa = PBXFileReference; lastKnownFileType = sourcecode.c.objc; path = Driver_RegisterTests.m; sourceTree = "<group>"; };
		0A5C49F925BE659500CFBE60 /* Info.plist */ = {isa = PBXFileReference; lastKnownFileType = text.plist.xml; path = Info.plist; sourceTree = "<group>"; };
		0A5C49FE25BE659500CFBE60 /* Driver_RegisterUITests.xctest */ = {isa = PBXFileReference; explicitFileType = wrapper.cfbundle; includeInIndex = 0; path = Driver_RegisterUITests.xctest; sourceTree = BUILT_PRODUCTS_DIR; };
		0A5C4A0225BE659500CFBE60 /* Driver_RegisterUITests.m */ = {isa = PBXFileReference; lastKnownFileType = sourcecode.c.objc; path = Driver_RegisterUITests.m; sourceTree = "<group>"; };
		0A5C4A0425BE659500CFBE60 /* Info.plist */ = {isa = PBXFileReference; lastKnownFileType = text.plist.xml; path = Info.plist; sourceTree = "<group>"; };
/* End PBXFileReference section */

/* Begin PBXFrameworksBuildPhase section */
		0A5C49D525BE659300CFBE60 /* Frameworks */ = {
			isa = PBXFrameworksBuildPhase;
			buildActionMask = 2147483647;
			files = (
			);
			runOnlyForDeploymentPostprocessing = 0;
		};
		0A5C49F025BE659500CFBE60 /* Frameworks */ = {
			isa = PBXFrameworksBuildPhase;
			buildActionMask = 2147483647;
			files = (
			);
			runOnlyForDeploymentPostprocessing = 0;
		};
		0A5C49FB25BE659500CFBE60 /* Frameworks */ = {
			isa = PBXFrameworksBuildPhase;
			buildActionMask = 2147483647;
			files = (
			);
			runOnlyForDeploymentPostprocessing = 0;
		};
/* End PBXFrameworksBuildPhase section */

/* Begin PBXGroup section */
		0A5C49CF25BE659300CFBE60 = {
			isa = PBXGroup;
			children = (
				0A5C49DA25BE659300CFBE60 /* Driver_Register */,
				0A5C49F625BE659500CFBE60 /* Driver_RegisterTests */,
				0A5C4A0125BE659500CFBE60 /* Driver_RegisterUITests */,
				0A5C49D925BE659300CFBE60 /* Products */,
			);
			sourceTree = "<group>";
		};
		0A5C49D925BE659300CFBE60 /* Products */ = {
			isa = PBXGroup;
			children = (
				0A5C49D825BE659300CFBE60 /* Driver_Register.app */,
				0A5C49F325BE659500CFBE60 /* Driver_RegisterTests.xctest */,
				0A5C49FE25BE659500CFBE60 /* Driver_RegisterUITests.xctest */,
			);
			name = Products;
			sourceTree = "<group>";
		};
		0A5C49DA25BE659300CFBE60 /* Driver_Register */ = {
			isa = PBXGroup;
			children = (
				0A5C49DB25BE659300CFBE60 /* AppDelegate.h */,
				0A5C49DC25BE659300CFBE60 /* AppDelegate.m */,
				0A5C49DE25BE659300CFBE60 /* SceneDelegate.h */,
				0A5C49DF25BE659300CFBE60 /* SceneDelegate.m */,
				0A5C49E125BE659300CFBE60 /* ViewController.h */,
				0A5C49E225BE659300CFBE60 /* ViewController.m */,
				0A5C49E425BE659300CFBE60 /* Main.storyboard */,
				0A5C49E725BE659500CFBE60 /* Assets.xcassets */,
				0A5C49E925BE659500CFBE60 /* LaunchScreen.storyboard */,
				0A5C49EC25BE659500CFBE60 /* Info.plist */,
				0A5C49ED25BE659500CFBE60 /* main.m */,
			);
			path = Driver_Register;
			sourceTree = "<group>";
		};
		0A5C49F625BE659500CFBE60 /* Driver_RegisterTests */ = {
			isa = PBXGroup;
			children = (
				0A5C49F725BE659500CFBE60 /* Driver_RegisterTests.m */,
				0A5C49F925BE659500CFBE60 /* Info.plist */,
			);
			path = Driver_RegisterTests;
			sourceTree = "<group>";
		};
		0A5C4A0125BE659500CFBE60 /* Driver_RegisterUITests */ = {
			isa = PBXGroup;
			children = (
				0A5C4A0225BE659500CFBE60 /* Driver_RegisterUITests.m */,
				0A5C4A0425BE659500CFBE60 /* Info.plist */,
			);
			path = Driver_RegisterUITests;
			sourceTree = "<group>";
		};
/* End PBXGroup section */

/* Begin PBXNativeTarget section */
		0A5C49D725BE659300CFBE60 /* Driver_Register */ = {
			isa = PBXNativeTarget;
			buildConfigurationList = 0A5C4A0725BE659500CFBE60 /* Build configuration list for PBXNativeTarget "Driver_Register" */;
			buildPhases = (
				0A5C49D425BE659300CFBE60 /* Sources */,
				0A5C49D525BE659300CFBE60 /* Frameworks */,
				0A5C49D625BE659300CFBE60 /* Resources */,
			);
			buildRules = (
			);
			dependencies = (
			);
			name = Driver_Register;
			productName = Driver_Register;
			productReference = 0A5C49D825BE659300CFBE60 /* Driver_Register.app */;
			productType = "com.apple.product-type.application";
		};
		0A5C49F225BE659500CFBE60 /* Driver_RegisterTests */ = {
			isa = PBXNativeTarget;
			buildConfigurationList = 0A5C4A0A25BE659500CFBE60 /* Build configuration list for PBXNativeTarget "Driver_RegisterTests" */;
			buildPhases = (
				0A5C49EF25BE659500CFBE60 /* Sources */,
				0A5C49F025BE659500CFBE60 /* Frameworks */,
				0A5C49F125BE659500CFBE60 /* Resources */,
			);
			buildRules = (
			);
			dependencies = (
				0A5C49F525BE659500CFBE60 /* PBXTargetDependency */,
			);
			name = Driver_RegisterTests;
			productName = Driver_RegisterTests;
			productReference = 0A5C49F325BE659500CFBE60 /* Driver_RegisterTests.xctest */;
			productType = "com.apple.product-type.bundle.unit-test";
		};
		0A5C49FD25BE659500CFBE60 /* Driver_RegisterUITests */ = {
			isa = PBXNativeTarget;
			buildConfigurationList = 0A5C4A0D25BE659500CFBE60 /* Build configuration list for PBXNativeTarget "Driver_RegisterUITests" */;
			buildPhases = (
				0A5C49FA25BE659500CFBE60 /* Sources */,
				0A5C49FB25BE659500CFBE60 /* Frameworks */,
				0A5C49FC25BE659500CFBE60 /* Resources */,
			);
			buildRules = (
			);
			dependencies = (
				0A5C4A0025BE659500CFBE60 /* PBXTargetDependency */,
			);
			name = Driver_RegisterUITests;
			productName = Driver_RegisterUITests;
			productReference = 0A5C49FE25BE659500CFBE60 /* Driver_RegisterUITests.xctest */;
			productType = "com.apple.product-type.bundle.ui-testing";
		};
/* End PBXNativeTarget section */

/* Begin PBXProject section */
		0A5C49D025BE659300CFBE60 /* Project object */ = {
			isa = PBXProject;
			attributes = {
				LastUpgradeCheck = 1230;
				TargetAttributes = {
					0A5C49D725BE659300CFBE60 = {
						CreatedOnToolsVersion = 12.3;
					};
					0A5C49F225BE659500CFBE60 = {
						CreatedOnToolsVersion = 12.3;
						TestTargetID = 0A5C49D725BE659300CFBE60;
					};
					0A5C49FD25BE659500CFBE60 = {
						CreatedOnToolsVersion = 12.3;
						TestTargetID = 0A5C49D725BE659300CFBE60;
					};
				};
			};
			buildConfigurationList = 0A5C49D325BE659300CFBE60 /* Build configuration list for PBXProject "Driver_Register" */;
			compatibilityVersion = "Xcode 9.3";
			developmentRegion = en;
			hasScannedForEncodings = 0;
			knownRegions = (
				en,
				Base,
			);
			mainGroup = 0A5C49CF25BE659300CFBE60;
			productRefGroup = 0A5C49D925BE659300CFBE60 /* Products */;
			projectDirPath = "";
			projectRoot = "";
			targets = (
				0A5C49D725BE659300CFBE60 /* Driver_Register */,
				0A5C49F225BE659500CFBE60 /* Driver_RegisterTests */,
				0A5C49FD25BE659500CFBE60 /* Driver_RegisterUITests */,
			);
		};
/* End PBXProject section */

/* Begin PBXResourcesBuildPhase section */
		0A5C49D625BE659300CFBE60 /* Resources */ = {
			isa = PBXResourcesBuildPhase;
			buildActionMask = 2147483647;
			files = (
				0A5C49EB25BE659500CFBE60 /* LaunchScreen.storyboard in Resources */,
				0A5C49E825BE659500CFBE60 /* Assets.xcassets in Resources */,
				0A5C49E625BE659300CFBE60 /* Main.storyboard in Resources */,
			);
			runOnlyForDeploymentPostprocessing = 0;
		};
		0A5C49F125BE659500CFBE60 /* Resources */ = {
			isa = PBXResourcesBuildPhase;
			buildActionMask = 2147483647;
			files = (
			);
			runOnlyForDeploymentPostprocessing = 0;
		};
		0A5C49FC25BE659500CFBE60 /* Resources */ = {
			isa = PBXResourcesBuildPhase;
			buildActionMask = 2147483647;
			files = (
			);
			runOnlyForDeploymentPostprocessing = 0;
		};
/* End PBXResourcesBuildPhase section */

/* Begin PBXSourcesBuildPhase section */
		0A5C49D425BE659300CFBE60 /* Sources */ = {
			isa = PBXSourcesBuildPhase;
			buildActionMask = 2147483647;
			files = (
				0A5C49E325BE659300CFBE60 /* ViewController.m in Sources */,
				0A5C49DD25BE659300CFBE60 /* AppDelegate.m in Sources */,
				0A5C49EE25BE659500CFBE60 /* main.m in Sources */,
				0A5C49E025BE659300CFBE60 /* SceneDelegate.m in Sources */,
			);
			runOnlyForDeploymentPostprocessing = 0;
		};
		0A5C49EF25BE659500CFBE60 /* Sources */ = {
			isa = PBXSourcesBuildPhase;
			buildActionMask = 2147483647;
			files = (
				0A5C49F825BE659500CFBE60 /* Driver_RegisterTests.m in Sources */,
			);
			runOnlyForDeploymentPostprocessing = 0;
		};
		0A5C49FA25BE659500CFBE60 /* Sources */ = {
			isa = PBXSourcesBuildPhase;
			buildActionMask = 2147483647;
			files = (
				0A5C4A0325BE659500CFBE60 /* Driver_RegisterUITests.m in Sources */,
			);
			runOnlyForDeploymentPostprocessing = 0;
		};
/* End PBXSourcesBuildPhase section */

/* Begin PBXTargetDependency section */
		0A5C49F525BE659500CFBE60 /* PBXTargetDependency */ = {
			isa = PBXTargetDependency;
			target = 0A5C49D725BE659300CFBE60 /* Driver_Register */;
			targetProxy = 0A5C49F425BE659500CFBE60 /* PBXContainerItemProxy */;
		};
		0A5C4A0025BE659500CFBE60 /* PBXTargetDependency */ = {
			isa = PBXTargetDependency;
			target = 0A5C49D725BE659300CFBE60 /* Driver_Register */;
			targetProxy = 0A5C49FF25BE659500CFBE60 /* PBXContainerItemProxy */;
		};
/* End PBXTargetDependency section */

/* Begin PBXVariantGroup section */
		0A5C49E425BE659300CFBE60 /* Main.storyboard */ = {
			isa = PBXVariantGroup;
			children = (
				0A5C49E525BE659300CFBE60 /* Base */,
			);
			name = Main.storyboard;
			sourceTree = "<group>";
		};
		0A5C49E925BE659500CFBE60 /* LaunchScreen.storyboard */ = {
			isa = PBXVariantGroup;
			children = (
				0A5C49EA25BE659500CFBE60 /* Base */,
			);
			name = LaunchScreen.storyboard;
			sourceTree = "<group>";
		};
/* End PBXVariantGroup section */

/* Begin XCBuildConfiguration section */
		0A5C4A0525BE659500CFBE60 /* Debug */ = {
			isa = XCBuildConfiguration;
			buildSettings = {
				ALWAYS_SEARCH_USER_PATHS = NO;
				CLANG_ANALYZER_NONNULL = YES;
				CLANG_ANALYZER_NUMBER_OBJECT_CONVERSION = YES_AGGRESSIVE;
				CLANG_CXX_LANGUAGE_STANDARD = "gnu++14";
				CLANG_CXX_LIBRARY = "libc++";
				CLANG_ENABLE_MODULES = YES;
				CLANG_ENABLE_OBJC_ARC = YES;
				CLANG_ENABLE_OBJC_WEAK = YES;
				CLANG_WARN_BLOCK_CAPTURE_AUTORELEASING = YES;
				CLANG_WARN_BOOL_CONVERSION = YES;
				CLANG_WARN_COMMA = YES;
				CLANG_WARN_CONSTANT_CONVERSION = YES;
				CLANG_WARN_DEPRECATED_OBJC_IMPLEMENTATIONS = YES;
				CLANG_WARN_DIRECT_OBJC_ISA_USAGE = YES_ERROR;
				CLANG_WARN_DOCUMENTATION_COMMENTS = YES;
				CLANG_WARN_EMPTY_BODY = YES;
				CLANG_WARN_ENUM_CONVERSION = YES;
				CLANG_WARN_INFINITE_RECURSION = YES;
				CLANG_WARN_INT_CONVERSION = YES;
				CLANG_WARN_NON_LITERAL_NULL_CONVERSION = YES;
				CLANG_WARN_OBJC_IMPLICIT_RETAIN_SELF = YES;
				CLANG_WARN_OBJC_LITERAL_CONVERSION = YES;
				CLANG_WARN_OBJC_ROOT_CLASS = YES_ERROR;
				CLANG_WARN_QUOTED_INCLUDE_IN_FRAMEWORK_HEADER = YES;
				CLANG_WARN_RANGE_LOOP_ANALYSIS = YES;
				CLANG_WARN_STRICT_PROTOTYPES = YES;
				CLANG_WARN_SUSPICIOUS_MOVE = YES;
				CLANG_WARN_UNGUARDED_AVAILABILITY = YES_AGGRESSIVE;
				CLANG_WARN_UNREACHABLE_CODE = YES;
				CLANG_WARN__DUPLICATE_METHOD_MATCH = YES;
				COPY_PHASE_STRIP = NO;
				DEBUG_INFORMATION_FORMAT = dwarf;
				ENABLE_STRICT_OBJC_MSGSEND = YES;
				ENABLE_TESTABILITY = YES;
				GCC_C_LANGUAGE_STANDARD = gnu11;
				GCC_DYNAMIC_NO_PIC = NO;
				GCC_NO_COMMON_BLOCKS = YES;
				GCC_OPTIMIZATION_LEVEL = 0;
				GCC_PREPROCESSOR_DEFINITIONS = (
					"DEBUG=1",
					"$(inherited)",
				);
				GCC_WARN_64_TO_32_BIT_CONVERSION = YES;
				GCC_WARN_ABOUT_RETURN_TYPE = YES_ERROR;
				GCC_WARN_UNDECLARED_SELECTOR = YES;
				GCC_WARN_UNINITIALIZED_AUTOS = YES_AGGRESSIVE;
				GCC_WARN_UNUSED_FUNCTION = YES;
				GCC_WARN_UNUSED_VARIABLE = YES;
				IPHONEOS_DEPLOYMENT_TARGET = 14.3;
				MTL_ENABLE_DEBUG_INFO = INCLUDE_SOURCE;
				MTL_FAST_MATH = YES;
				ONLY_ACTIVE_ARCH = YES;
				SDKROOT = iphoneos;
			};
			name = Debug;
		};
		0A5C4A0625BE659500CFBE60 /* Release */ = {
			isa = XCBuildConfiguration;
			buildSettings = {
				ALWAYS_SEARCH_USER_PATHS = NO;
				CLANG_ANALYZER_NONNULL = YES;
				CLANG_ANALYZER_NUMBER_OBJECT_CONVERSION = YES_AGGRESSIVE;
				CLANG_CXX_LANGUAGE_STANDARD = "gnu++14";
				CLANG_CXX_LIBRARY = "libc++";
				CLANG_ENABLE_MODULES = YES;
				CLANG_ENABLE_OBJC_ARC = YES;
				CLANG_ENABLE_OBJC_WEAK = YES;
				CLANG_WARN_BLOCK_CAPTURE_AUTORELEASING = YES;
				CLANG_WARN_BOOL_CONVERSION = YES;
				CLANG_WARN_COMMA = YES;
				CLANG_WARN_CONSTANT_CONVERSION = YES;
				CLANG_WARN_DEPRECATED_OBJC_IMPLEMENTATIONS = YES;
				CLANG_WARN_DIRECT_OBJC_ISA_USAGE = YES_ERROR;
				CLANG_WARN_DOCUMENTATION_COMMENTS = YES;
				CLANG_WARN_EMPTY_BODY = YES;
				CLANG_WARN_ENUM_CONVERSION = YES;
				CLANG_WARN_INFINITE_RECURSION = YES;
				CLANG_WARN_INT_CONVERSION = YES;
				CLANG_WARN_NON_LITERAL_NULL_CONVERSION = YES;
				CLANG_WARN_OBJC_IMPLICIT_RETAIN_SELF = YES;
				CLANG_WARN_OBJC_LITERAL_CONVERSION = YES;
				CLANG_WARN_OBJC_ROOT_CLASS = YES_ERROR;
				CLANG_WARN_QUOTED_INCLUDE_IN_FRAMEWORK_HEADER = YES;
				CLANG_WARN_RANGE_LOOP_ANALYSIS = YES;
				CLANG_WARN_STRICT_PROTOTYPES = YES;
				CLANG_WARN_SUSPICIOUS_MOVE = YES;
				CLANG_WARN_UNGUARDED_AVAILABILITY = YES_AGGRESSIVE;
				CLANG_WARN_UNREACHABLE_CODE = YES;
				CLANG_WARN__DUPLICATE_METHOD_MATCH = YES;
				COPY_PHASE_STRIP = NO;
				DEBUG_INFORMATION_FORMAT = "dwarf-with-dsym";
				ENABLE_NS_ASSERTIONS = NO;
				ENABLE_STRICT_OBJC_MSGSEND = YES;
				GCC_C_LANGUAGE_STANDARD = gnu11;
				GCC_NO_COMMON_BLOCKS = YES;
				GCC_WARN_64_TO_32_BIT_CONVERSION = YES;
				GCC_WARN_ABOUT_RETURN_TYPE = YES_ERROR;
				GCC_WARN_UNDECLARED_SELECTOR = YES;
				GCC_WARN_UNINITIALIZED_AUTOS = YES_AGGRESSIVE;
				GCC_WARN_UNUSED_FUNCTION = YES;
				GCC_WARN_UNUSED_VARIABLE = YES;
				IPHONEOS_DEPLOYMENT_TARGET = 14.3;
				MTL_ENABLE_DEBUG_INFO = NO;
				MTL_FAST_MATH = YES;
				SDKROOT = iphoneos;
				VALIDATE_PRODUCT = YES;
			};
			name = Release;
		};
		0A5C4A0825BE659500CFBE60 /* Debug */ = {
			isa = XCBuildConfiguration;
			buildSettings = {
				ASSETCATALOG_COMPILER_APPICON_NAME = AppIcon;
				ASSETCATALOG_COMPILER_GLOBAL_ACCENT_COLOR_NAME = AccentColor;
				CODE_SIGN_STYLE = Automatic;
				INFOPLIST_FILE = Driver_Register/Info.plist;
				LD_RUNPATH_SEARCH_PATHS = (
					"$(inherited)",
					"@executable_path/Frameworks",
				);
				PRODUCT_BUNDLE_IDENTIFIER = "com.thinkofsomethingclever.Driver-Register";
				PRODUCT_NAME = "$(TARGET_NAME)";
				TARGETED_DEVICE_FAMILY = "1,2";
			};
			name = Debug;
		};
		0A5C4A0925BE659500CFBE60 /* Release */ = {
			isa = XCBuildConfiguration;
			buildSettings = {
				ASSETCATALOG_COMPILER_APPICON_NAME = AppIcon;
				ASSETCATALOG_COMPILER_GLOBAL_ACCENT_COLOR_NAME = AccentColor;
				CODE_SIGN_STYLE = Automatic;
				INFOPLIST_FILE = Driver_Register/Info.plist;
				LD_RUNPATH_SEARCH_PATHS = (
					"$(inherited)",
					"@executable_path/Frameworks",
				);
				PRODUCT_BUNDLE_IDENTIFIER = "com.thinkofsomethingclever.Driver-Register";
				PRODUCT_NAME = "$(TARGET_NAME)";
				TARGETED_DEVICE_FAMILY = "1,2";
			};
			name = Release;
		};
		0A5C4A0B25BE659500CFBE60 /* Debug */ = {
			isa = XCBuildConfiguration;
			buildSettings = {
				BUNDLE_LOADER = "$(TEST_HOST)";
				CODE_SIGN_STYLE = Automatic;
				INFOPLIST_FILE = Driver_RegisterTests/Info.plist;
				IPHONEOS_DEPLOYMENT_TARGET = 14.3;
				LD_RUNPATH_SEARCH_PATHS = (
					"$(inherited)",
					"@executable_path/Frameworks",
					"@loader_path/Frameworks",
				);
				PRODUCT_BUNDLE_IDENTIFIER = "com.thinkofsomethingclever.Driver-RegisterTests";
				PRODUCT_NAME = "$(TARGET_NAME)";
				TARGETED_DEVICE_FAMILY = "1,2";
				TEST_HOST = "$(BUILT_PRODUCTS_DIR)/Driver_Register.app/Driver_Register";
			};
			name = Debug;
		};
		0A5C4A0C25BE659500CFBE60 /* Release */ = {
			isa = XCBuildConfiguration;
			buildSettings = {
				BUNDLE_LOADER = "$(TEST_HOST)";
				CODE_SIGN_STYLE = Automatic;
				INFOPLIST_FILE = Driver_RegisterTests/Info.plist;
				IPHONEOS_DEPLOYMENT_TARGET = 14.3;
				LD_RUNPATH_SEARCH_PATHS = (
					"$(inherited)",
					"@executable_path/Frameworks",
					"@loader_path/Frameworks",
				);
				PRODUCT_BUNDLE_IDENTIFIER = "com.thinkofsomethingclever.Driver-RegisterTests";
				PRODUCT_NAME = "$(TARGET_NAME)";
				TARGETED_DEVICE_FAMILY = "1,2";
				TEST_HOST = "$(BUILT_PRODUCTS_DIR)/Driver_Register.app/Driver_Register";
			};
			name = Release;
		};
		0A5C4A0E25BE659500CFBE60 /* Debug */ = {
			isa = XCBuildConfiguration;
			buildSettings = {
				CODE_SIGN_STYLE = Automatic;
				INFOPLIST_FILE = Driver_RegisterUITests/Info.plist;
				LD_RUNPATH_SEARCH_PATHS = (
					"$(inherited)",
					"@executable_path/Frameworks",
					"@loader_path/Frameworks",
				);
				PRODUCT_BUNDLE_IDENTIFIER = "com.thinkofsomethingclever.Driver-RegisterUITests";
				PRODUCT_NAME = "$(TARGET_NAME)";
				TARGETED_DEVICE_FAMILY = "1,2";
				TEST_TARGET_NAME = Driver_Register;
			};
			name = Debug;
		};
		0A5C4A0F25BE659500CFBE60 /* Release */ = {
			isa = XCBuildConfiguration;
			buildSettings = {
				CODE_SIGN_STYLE = Automatic;
				INFOPLIST_FILE = Driver_RegisterUITests/Info.plist;
				LD_RUNPATH_SEARCH_PATHS = (
					"$(inherited)",
					"@executable_path/Frameworks",
					"@loader_path/Frameworks",
				);
				PRODUCT_BUNDLE_IDENTIFIER = "com.thinkofsomethingclever.Driver-RegisterUITests";
				PRODUCT_NAME = "$(TARGET_NAME)";
				TARGETED_DEVICE_FAMILY = "1,2";
				TEST_TARGET_NAME = Driver_Register;
			};
			name = Release;
		};
/* End XCBuildConfiguration section */

/* Begin XCConfigurationList section */
		0A5C49D325BE659300CFBE60 /* Build configuration list for PBXProject "Driver_Register" */ = {
			isa = XCConfigurationList;
			buildConfigurations = (
				0A5C4A0525BE659500CFBE60 /* Debug */,
				0A5C4A0625BE659500CFBE60 /* Release */,
			);
			defaultConfigurationIsVisible = 0;
			defaultConfigurationName = Release;
		};
		0A5C4A0725BE659500CFBE60 /* Build configuration list for PBXNativeTarget "Driver_Register" */ = {
			isa = XCConfigurationList;
			buildConfigurations = (
				0A5C4A0825BE659500CFBE60 /* Debug */,
				0A5C4A0925BE659500CFBE60 /* Release */,
			);
			defaultConfigurationIsVisible = 0;
			defaultConfigurationName = Release;
		};
		0A5C4A0A25BE659500CFBE60 /* Build configuration list for PBXNativeTarget "Driver_RegisterTests" */ = {
			isa = XCConfigurationList;
			buildConfigurations = (
				0A5C4A0B25BE659500CFBE60 /* Debug */,
				0A5C4A0C25BE659500CFBE60 /* Release */,
			);
			defaultConfigurationIsVisible = 0;
			defaultConfigurationName = Release;
		};
		0A5C4A0D25BE659500CFBE60 /* Build configuration list for PBXNativeTarget "Driver_RegisterUITests" */ = {
			isa = XCConfigurationList;
			buildConfigurations = (
				0A5C4A0E25BE659500CFBE60 /* Debug */,
				0A5C4A0F25BE659500CFBE60 /* Release */,
			);
			defaultConfigurationIsVisible = 0;
			defaultConfigurationName = Release;
		};
/* End XCConfigurationList section */
	};
	rootObject = 0A5C49D025BE659300CFBE60 /* Project object */;
}
