// !$*UTF8*$!
{
	archiveVersion = 1;
	classes = {
	};
	objectVersion = 51;
	objects = {

/* Begin PBXBuildFile section */
		0A102CF625C900FA0021B337 /* LocateCity_req.m in Sources */ = {isa = PBXBuildFile; fileRef = 0A102CF525C900FA0021B337 /* LocateCity_req.m */; };
		0A102CFC25C9011B0021B337 /* LocateCityModel.m in Sources */ = {isa = PBXBuildFile; fileRef = 0A102CFB25C9011B0021B337 /* LocateCityModel.m */; };
		0A102D0225C932AA0021B337 /* LocationViewController.m in Sources */ = {isa = PBXBuildFile; fileRef = 0A102D0125C932AA0021B337 /* LocationViewController.m */; };
		0A102D4325C9495C0021B337 /* search.png in Resources */ = {isa = PBXBuildFile; fileRef = 0A102D4225C9495C0021B337 /* search.png */; };
		0A102D6125CA9AD50021B337 /* TextLinkTableViewCell.m in Sources */ = {isa = PBXBuildFile; fileRef = 0A102D6025CA9AD50021B337 /* TextLinkTableViewCell.m */; };
		0A102D6725CA9AE30021B337 /* ButtonOfflineTableViewCell.m in Sources */ = {isa = PBXBuildFile; fileRef = 0A102D6625CA9AE30021B337 /* ButtonOfflineTableViewCell.m */; };
		0A102D6D25CAAF550021B337 /* ObtainABNViewController.m in Sources */ = {isa = PBXBuildFile; fileRef = 0A102D6C25CAAF550021B337 /* ObtainABNViewController.m */; };
		0A102D7325CB9A320021B337 /* HandViewController.m in Sources */ = {isa = PBXBuildFile; fileRef = 0A102D7225CB9A320021B337 /* HandViewController.m */; };
		0A102D7F25CFD5630021B337 /* AuditInfoModel.m in Sources */ = {isa = PBXBuildFile; fileRef = 0A102D7E25CFD5630021B337 /* AuditInfoModel.m */; };
		0A102D8525CFEA970021B337 /* AuditInfo_req.m in Sources */ = {isa = PBXBuildFile; fileRef = 0A102D8425CFEA970021B337 /* AuditInfo_req.m */; };
		0A102D8E25D0E2E00021B337 /* MultiPhotoTableViewCell.m in Sources */ = {isa = PBXBuildFile; fileRef = 0A102D8D25D0E2E00021B337 /* MultiPhotoTableViewCell.m */; };
		0A102DA625D0E36A0021B337 /* ButtonTableViewCell.m in Sources */ = {isa = PBXBuildFile; fileRef = 0A102DA525D0E36A0021B337 /* ButtonTableViewCell.m */; };
		0A102DAB25D11F360021B337 /* sun1.jpg in Resources */ = {isa = PBXBuildFile; fileRef = 0A102DAA25D11F360021B337 /* sun1.jpg */; };
		0A102DB425D23EBD0021B337 /* BannerTableViewCell.m in Sources */ = {isa = PBXBuildFile; fileRef = 0A102DB325D23EBD0021B337 /* BannerTableViewCell.m */; };
		0A102DC925E0E87D0021B337 /* DriverLicenceViewController.m in Sources */ = {isa = PBXBuildFile; fileRef = 0A102DC825E0E87D0021B337 /* DriverLicenceViewController.m */; };
		0A102DD425E3B8A90021B337 /* sun2.jpg in Resources */ = {isa = PBXBuildFile; fileRef = 0A102DD325E3B8A90021B337 /* sun2.jpg */; };
		0A102DF825E50FA10021B337 /* UpLoadViewController.m in Sources */ = {isa = PBXBuildFile; fileRef = 0A102DF725E50FA10021B337 /* UpLoadViewController.m */; };
		0A102E0425E602B70021B337 /* DeclarationViewController.m in Sources */ = {isa = PBXBuildFile; fileRef = 0A102E0325E602B70021B337 /* DeclarationViewController.m */; };
		0A23117B25FF89C400F730F4 /* JointParams.m in Sources */ = {isa = PBXBuildFile; fileRef = 0A23117A25FF89C400F730F4 /* JointParams.m */; };
		0A23118A26009ADA00F730F4 /* PhotoCollectionViewCell.m in Sources */ = {isa = PBXBuildFile; fileRef = 0A23118926009ADA00F730F4 /* PhotoCollectionViewCell.m */; };
		0A2311972600B98100F730F4 /* delete.png in Resources */ = {isa = PBXBuildFile; fileRef = 0A2311962600B98000F730F4 /* delete.png */; };
		0A5C49DD25BE659300CFBE60 /* AppDelegate.m in Sources */ = {isa = PBXBuildFile; fileRef = 0A5C49DC25BE659300CFBE60 /* AppDelegate.m */; };
		0A5C49E025BE659300CFBE60 /* SceneDelegate.m in Sources */ = {isa = PBXBuildFile; fileRef = 0A5C49DF25BE659300CFBE60 /* SceneDelegate.m */; };
		0A5C49E325BE659300CFBE60 /* ViewController.m in Sources */ = {isa = PBXBuildFile; fileRef = 0A5C49E225BE659300CFBE60 /* ViewController.m */; };
		0A5C49E625BE659300CFBE60 /* Main.storyboard in Resources */ = {isa = PBXBuildFile; fileRef = 0A5C49E425BE659300CFBE60 /* Main.storyboard */; };
		0A5C49E825BE659500CFBE60 /* Assets.xcassets in Resources */ = {isa = PBXBuildFile; fileRef = 0A5C49E725BE659500CFBE60 /* Assets.xcassets */; };
		0A5C49EB25BE659500CFBE60 /* LaunchScreen.storyboard in Resources */ = {isa = PBXBuildFile; fileRef = 0A5C49E925BE659500CFBE60 /* LaunchScreen.storyboard */; };
		0A5C49EE25BE659500CFBE60 /* main.m in Sources */ = {isa = PBXBuildFile; fileRef = 0A5C49ED25BE659500CFBE60 /* main.m */; };
		0A5C49F825BE659500CFBE60 /* Driver_RegisterTests.m in Sources */ = {isa = PBXBuildFile; fileRef = 0A5C49F725BE659500CFBE60 /* Driver_RegisterTests.m */; };
		0A5C4A0325BE659500CFBE60 /* Driver_RegisterUITests.m in Sources */ = {isa = PBXBuildFile; fileRef = 0A5C4A0225BE659500CFBE60 /* Driver_RegisterUITests.m */; };
		0A5C4A1B25BE757000CFBE60 /* BasicPageViewController.m in Sources */ = {isa = PBXBuildFile; fileRef = 0A5C4A1A25BE757000CFBE60 /* BasicPageViewController.m */; };
		0A5C4A2D25BE76CF00CFBE60 /* AuditInfoViewController.m in Sources */ = {isa = PBXBuildFile; fileRef = 0A5C4A2C25BE76CF00CFBE60 /* AuditInfoViewController.m */; };
		0A5C4A4F25BED69800CFBE60 /* RegProgress_req.m in Sources */ = {isa = PBXBuildFile; fileRef = 0A5C4A4E25BED69800CFBE60 /* RegProgress_req.m */; };
		0A5C4A5C25BFBBDA00CFBE60 /* RegProgressModel.m in Sources */ = {isa = PBXBuildFile; fileRef = 0A5C4A5B25BFBBDA00CFBE60 /* RegProgressModel.m */; };
		0A5C4DD925C265D000CFBE60 /* BasicPageConfigModel.m in Sources */ = {isa = PBXBuildFile; fileRef = 0A5C4DD825C265D000CFBE60 /* BasicPageConfigModel.m */; };
		0A5C4DDF25C265FC00CFBE60 /* BasicPageConfig_req.m in Sources */ = {isa = PBXBuildFile; fileRef = 0A5C4DDE25C265FC00CFBE60 /* BasicPageConfig_req.m */; };
		0A5C4E0125C2DCFF00CFBE60 /* InputTableViewCell.m in Sources */ = {isa = PBXBuildFile; fileRef = 0A5C4E0025C2DCFF00CFBE60 /* InputTableViewCell.m */; };
		0A5C4E0A25C2DD4300CFBE60 /* DateTableViewCell.m in Sources */ = {isa = PBXBuildFile; fileRef = 0A5C4E0925C2DD4300CFBE60 /* DateTableViewCell.m */; };
		0A5C4E1025C2DD5000CFBE60 /* SelectTableViewCell.m in Sources */ = {isa = PBXBuildFile; fileRef = 0A5C4E0F25C2DD5000CFBE60 /* SelectTableViewCell.m */; };
		0A5C4E2725C7DAA500CFBE60 /* DateTimePickerView.m in Sources */ = {isa = PBXBuildFile; fileRef = 0A5C4E2625C7DAA500CFBE60 /* DateTimePickerView.m */; };
		905AA98D6BCB5688A895C164 /* Pods_Driver_Register.framework in Frameworks */ = {isa = PBXBuildFile; fileRef = B9B17A3365C17CFE9ADA0E67 /* Pods_Driver_Register.framework */; };
/* End PBXBuildFile section */

/* Begin PBXContainerItemProxy section */
		0A5C49F425BE659500CFBE60 /* PBXContainerItemProxy */ = {
			isa = PBXContainerItemProxy;
			containerPortal = 0A5C49D025BE659300CFBE60 /* Project object */;
			proxyType = 1;
			remoteGlobalIDString = 0A5C49D725BE659300CFBE60;
			remoteInfo = Driver_Register;
		};
		0A5C49FF25BE659500CFBE60 /* PBXContainerItemProxy */ = {
			isa = PBXContainerItemProxy;
			containerPortal = 0A5C49D025BE659300CFBE60 /* Project object */;
			proxyType = 1;
			remoteGlobalIDString = 0A5C49D725BE659300CFBE60;
			remoteInfo = Driver_Register;
		};
/* End PBXContainerItemProxy section */

/* Begin PBXFileReference section */
		0A102CF425C900FA0021B337 /* LocateCity_req.h */ = {isa = PBXFileReference; lastKnownFileType = sourcecode.c.h; path = LocateCity_req.h; sourceTree = "<group>"; };
		0A102CF525C900FA0021B337 /* LocateCity_req.m */ = {isa = PBXFileReference; lastKnownFileType = sourcecode.c.objc; path = LocateCity_req.m; sourceTree = "<group>"; };
		0A102CFA25C9011B0021B337 /* LocateCityModel.h */ = {isa = PBXFileReference; lastKnownFileType = sourcecode.c.h; path = LocateCityModel.h; sourceTree = "<group>"; };
		0A102CFB25C9011B0021B337 /* LocateCityModel.m */ = {isa = PBXFileReference; lastKnownFileType = sourcecode.c.objc; path = LocateCityModel.m; sourceTree = "<group>"; };
		0A102D0025C932AA0021B337 /* LocationViewController.h */ = {isa = PBXFileReference; lastKnownFileType = sourcecode.c.h; path = LocationViewController.h; sourceTree = "<group>"; };
		0A102D0125C932AA0021B337 /* LocationViewController.m */ = {isa = PBXFileReference; lastKnownFileType = sourcecode.c.objc; path = LocationViewController.m; sourceTree = "<group>"; };
		0A102D4225C9495C0021B337 /* search.png */ = {isa = PBXFileReference; lastKnownFileType = image.png; path = search.png; sourceTree = "<group>"; };
		0A102D5F25CA9AD50021B337 /* TextLinkTableViewCell.h */ = {isa = PBXFileReference; lastKnownFileType = sourcecode.c.h; path = TextLinkTableViewCell.h; sourceTree = "<group>"; };
		0A102D6025CA9AD50021B337 /* TextLinkTableViewCell.m */ = {isa = PBXFileReference; lastKnownFileType = sourcecode.c.objc; path = TextLinkTableViewCell.m; sourceTree = "<group>"; };
		0A102D6525CA9AE30021B337 /* ButtonOfflineTableViewCell.h */ = {isa = PBXFileReference; lastKnownFileType = sourcecode.c.h; path = ButtonOfflineTableViewCell.h; sourceTree = "<group>"; };
		0A102D6625CA9AE30021B337 /* ButtonOfflineTableViewCell.m */ = {isa = PBXFileReference; lastKnownFileType = sourcecode.c.objc; path = ButtonOfflineTableViewCell.m; sourceTree = "<group>"; };
		0A102D6B25CAAF550021B337 /* ObtainABNViewController.h */ = {isa = PBXFileReference; lastKnownFileType = sourcecode.c.h; path = ObtainABNViewController.h; sourceTree = "<group>"; };
		0A102D6C25CAAF550021B337 /* ObtainABNViewController.m */ = {isa = PBXFileReference; lastKnownFileType = sourcecode.c.objc; path = ObtainABNViewController.m; sourceTree = "<group>"; };
		0A102D7125CB9A320021B337 /* HandViewController.h */ = {isa = PBXFileReference; lastKnownFileType = sourcecode.c.h; path = HandViewController.h; sourceTree = "<group>"; };
		0A102D7225CB9A320021B337 /* HandViewController.m */ = {isa = PBXFileReference; lastKnownFileType = sourcecode.c.objc; path = HandViewController.m; sourceTree = "<group>"; };
		0A102D7D25CFD5630021B337 /* AuditInfoModel.h */ = {isa = PBXFileReference; lastKnownFileType = sourcecode.c.h; path = AuditInfoModel.h; sourceTree = "<group>"; };
		0A102D7E25CFD5630021B337 /* AuditInfoModel.m */ = {isa = PBXFileReference; lastKnownFileType = sourcecode.c.objc; path = AuditInfoModel.m; sourceTree = "<group>"; };
		0A102D8325CFEA970021B337 /* AuditInfo_req.h */ = {isa = PBXFileReference; lastKnownFileType = sourcecode.c.h; path = AuditInfo_req.h; sourceTree = "<group>"; };
		0A102D8425CFEA970021B337 /* AuditInfo_req.m */ = {isa = PBXFileReference; lastKnownFileType = sourcecode.c.objc; path = AuditInfo_req.m; sourceTree = "<group>"; };
		0A102D8C25D0E2E00021B337 /* MultiPhotoTableViewCell.h */ = {isa = PBXFileReference; lastKnownFileType = sourcecode.c.h; path = MultiPhotoTableViewCell.h; sourceTree = "<group>"; };
		0A102D8D25D0E2E00021B337 /* MultiPhotoTableViewCell.m */ = {isa = PBXFileReference; lastKnownFileType = sourcecode.c.objc; path = MultiPhotoTableViewCell.m; sourceTree = "<group>"; };
		0A102DA425D0E36A0021B337 /* ButtonTableViewCell.h */ = {isa = PBXFileReference; lastKnownFileType = sourcecode.c.h; path = ButtonTableViewCell.h; sourceTree = "<group>"; };
		0A102DA525D0E36A0021B337 /* ButtonTableViewCell.m */ = {isa = PBXFileReference; lastKnownFileType = sourcecode.c.objc; path = ButtonTableViewCell.m; sourceTree = "<group>"; };
		0A102DAA25D11F360021B337 /* sun1.jpg */ = {isa = PBXFileReference; lastKnownFileType = image.jpeg; path = sun1.jpg; sourceTree = "<group>"; };
		0A102DB225D23EBD0021B337 /* BannerTableViewCell.h */ = {isa = PBXFileReference; lastKnownFileType = sourcecode.c.h; path = BannerTableViewCell.h; sourceTree = "<group>"; };
		0A102DB325D23EBD0021B337 /* BannerTableViewCell.m */ = {isa = PBXFileReference; lastKnownFileType = sourcecode.c.objc; path = BannerTableViewCell.m; sourceTree = "<group>"; };
		0A102DC725E0E87D0021B337 /* DriverLicenceViewController.h */ = {isa = PBXFileReference; lastKnownFileType = sourcecode.c.h; path = DriverLicenceViewController.h; sourceTree = "<group>"; };
		0A102DC825E0E87D0021B337 /* DriverLicenceViewController.m */ = {isa = PBXFileReference; lastKnownFileType = sourcecode.c.objc; path = DriverLicenceViewController.m; sourceTree = "<group>"; };
		0A102DD325E3B8A90021B337 /* sun2.jpg */ = {isa = PBXFileReference; lastKnownFileType = image.jpeg; path = sun2.jpg; sourceTree = "<group>"; };
		0A102DF625E50FA10021B337 /* UpLoadViewController.h */ = {isa = PBXFileReference; lastKnownFileType = sourcecode.c.h; path = UpLoadViewController.h; sourceTree = "<group>"; };
		0A102DF725E50FA10021B337 /* UpLoadViewController.m */ = {isa = PBXFileReference; lastKnownFileType = sourcecode.c.objc; path = UpLoadViewController.m; sourceTree = "<group>"; };
		0A102E0225E602B70021B337 /* DeclarationViewController.h */ = {isa = PBXFileReference; lastKnownFileType = sourcecode.c.h; path = DeclarationViewController.h; sourceTree = "<group>"; };
		0A102E0325E602B70021B337 /* DeclarationViewController.m */ = {isa = PBXFileReference; lastKnownFileType = sourcecode.c.objc; path = DeclarationViewController.m; sourceTree = "<group>"; };
		0A23117925FF89C400F730F4 /* JointParams.h */ = {isa = PBXFileReference; lastKnownFileType = sourcecode.c.h; path = JointParams.h; sourceTree = "<group>"; };
		0A23117A25FF89C400F730F4 /* JointParams.m */ = {isa = PBXFileReference; lastKnownFileType = sourcecode.c.objc; path = JointParams.m; sourceTree = "<group>"; };
		0A23118826009ADA00F730F4 /* PhotoCollectionViewCell.h */ = {isa = PBXFileReference; lastKnownFileType = sourcecode.c.h; path = PhotoCollectionViewCell.h; sourceTree = "<group>"; };
		0A23118926009ADA00F730F4 /* PhotoCollectionViewCell.m */ = {isa = PBXFileReference; lastKnownFileType = sourcecode.c.objc; path = PhotoCollectionViewCell.m; sourceTree = "<group>"; };
		0A2311962600B98000F730F4 /* delete.png */ = {isa = PBXFileReference; lastKnownFileType = image.png; path = delete.png; sourceTree = "<group>"; };
		0A5C49D825BE659300CFBE60 /* Driver_Register.app */ = {isa = PBXFileReference; explicitFileType = wrapper.application; includeInIndex = 0; path = Driver_Register.app; sourceTree = BUILT_PRODUCTS_DIR; };
		0A5C49DB25BE659300CFBE60 /* AppDelegate.h */ = {isa = PBXFileReference; lastKnownFileType = sourcecode.c.h; path = AppDelegate.h; sourceTree = "<group>"; };
		0A5C49DC25BE659300CFBE60 /* AppDelegate.m */ = {isa = PBXFileReference; lastKnownFileType = sourcecode.c.objc; path = AppDelegate.m; sourceTree = "<group>"; };
		0A5C49DE25BE659300CFBE60 /* SceneDelegate.h */ = {isa = PBXFileReference; lastKnownFileType = sourcecode.c.h; path = SceneDelegate.h; sourceTree = "<group>"; };
		0A5C49DF25BE659300CFBE60 /* SceneDelegate.m */ = {isa = PBXFileReference; lastKnownFileType = sourcecode.c.objc; path = SceneDelegate.m; sourceTree = "<group>"; };
		0A5C49E125BE659300CFBE60 /* ViewController.h */ = {isa = PBXFileReference; lastKnownFileType = sourcecode.c.h; path = ViewController.h; sourceTree = "<group>"; };
		0A5C49E225BE659300CFBE60 /* ViewController.m */ = {isa = PBXFileReference; lastKnownFileType = sourcecode.c.objc; path = ViewController.m; sourceTree = "<group>"; };
		0A5C49E525BE659300CFBE60 /* Base */ = {isa = PBXFileReference; lastKnownFileType = file.storyboard; name = Base; path = Base.lproj/Main.storyboard; sourceTree = "<group>"; };
		0A5C49E725BE659500CFBE60 /* Assets.xcassets */ = {isa = PBXFileReference; lastKnownFileType = folder.assetcatalog; path = Assets.xcassets; sourceTree = "<group>"; };
		0A5C49EA25BE659500CFBE60 /* Base */ = {isa = PBXFileReference; lastKnownFileType = file.storyboard; name = Base; path = Base.lproj/LaunchScreen.storyboard; sourceTree = "<group>"; };
		0A5C49EC25BE659500CFBE60 /* Info.plist */ = {isa = PBXFileReference; lastKnownFileType = text.plist.xml; path = Info.plist; sourceTree = "<group>"; };
		0A5C49ED25BE659500CFBE60 /* main.m */ = {isa = PBXFileReference; lastKnownFileType = sourcecode.c.objc; path = main.m; sourceTree = "<group>"; };
		0A5C49F325BE659500CFBE60 /* Driver_RegisterTests.xctest */ = {isa = PBXFileReference; explicitFileType = wrapper.cfbundle; includeInIndex = 0; path = Driver_RegisterTests.xctest; sourceTree = BUILT_PRODUCTS_DIR; };
		0A5C49F725BE659500CFBE60 /* Driver_RegisterTests.m */ = {isa = PBXFileReference; lastKnownFileType = sourcecode.c.objc; path = Driver_RegisterTests.m; sourceTree = "<group>"; };
		0A5C49F925BE659500CFBE60 /* Info.plist */ = {isa = PBXFileReference; lastKnownFileType = text.plist.xml; path = Info.plist; sourceTree = "<group>"; };
		0A5C49FE25BE659500CFBE60 /* Driver_RegisterUITests.xctest */ = {isa = PBXFileReference; explicitFileType = wrapper.cfbundle; includeInIndex = 0; path = Driver_RegisterUITests.xctest; sourceTree = BUILT_PRODUCTS_DIR; };
		0A5C4A0225BE659500CFBE60 /* Driver_RegisterUITests.m */ = {isa = PBXFileReference; lastKnownFileType = sourcecode.c.objc; path = Driver_RegisterUITests.m; sourceTree = "<group>"; };
		0A5C4A0425BE659500CFBE60 /* Info.plist */ = {isa = PBXFileReference; lastKnownFileType = text.plist.xml; path = Info.plist; sourceTree = "<group>"; };
		0A5C4A1925BE757000CFBE60 /* BasicPageViewController.h */ = {isa = PBXFileReference; lastKnownFileType = sourcecode.c.h; path = BasicPageViewController.h; sourceTree = "<group>"; };
		0A5C4A1A25BE757000CFBE60 /* BasicPageViewController.m */ = {isa = PBXFileReference; lastKnownFileType = sourcecode.c.objc; path = BasicPageViewController.m; sourceTree = "<group>"; };
		0A5C4A2B25BE76CF00CFBE60 /* AuditInfoViewController.h */ = {isa = PBXFileReference; lastKnownFileType = sourcecode.c.h; path = AuditInfoViewController.h; sourceTree = "<group>"; };
		0A5C4A2C25BE76CF00CFBE60 /* AuditInfoViewController.m */ = {isa = PBXFileReference; lastKnownFileType = sourcecode.c.objc; path = AuditInfoViewController.m; sourceTree = "<group>"; };
		0A5C4A4D25BED69800CFBE60 /* RegProgress_req.h */ = {isa = PBXFileReference; lastKnownFileType = sourcecode.c.h; path = RegProgress_req.h; sourceTree = "<group>"; };
		0A5C4A4E25BED69800CFBE60 /* RegProgress_req.m */ = {isa = PBXFileReference; lastKnownFileType = sourcecode.c.objc; path = RegProgress_req.m; sourceTree = "<group>"; };
		0A5C4A5A25BFBBDA00CFBE60 /* RegProgressModel.h */ = {isa = PBXFileReference; lastKnownFileType = sourcecode.c.h; path = RegProgressModel.h; sourceTree = "<group>"; };
		0A5C4A5B25BFBBDA00CFBE60 /* RegProgressModel.m */ = {isa = PBXFileReference; lastKnownFileType = sourcecode.c.objc; path = RegProgressModel.m; sourceTree = "<group>"; };
		0A5C4DD725C265D000CFBE60 /* BasicPageConfigModel.h */ = {isa = PBXFileReference; lastKnownFileType = sourcecode.c.h; path = BasicPageConfigModel.h; sourceTree = "<group>"; };
		0A5C4DD825C265D000CFBE60 /* BasicPageConfigModel.m */ = {isa = PBXFileReference; lastKnownFileType = sourcecode.c.objc; path = BasicPageConfigModel.m; sourceTree = "<group>"; };
		0A5C4DDD25C265FC00CFBE60 /* BasicPageConfig_req.h */ = {isa = PBXFileReference; lastKnownFileType = sourcecode.c.h; path = BasicPageConfig_req.h; sourceTree = "<group>"; };
		0A5C4DDE25C265FC00CFBE60 /* BasicPageConfig_req.m */ = {isa = PBXFileReference; lastKnownFileType = sourcecode.c.objc; path = BasicPageConfig_req.m; sourceTree = "<group>"; };
		0A5C4DFF25C2DCFF00CFBE60 /* InputTableViewCell.h */ = {isa = PBXFileReference; lastKnownFileType = sourcecode.c.h; path = InputTableViewCell.h; sourceTree = "<group>"; };
		0A5C4E0025C2DCFF00CFBE60 /* InputTableViewCell.m */ = {isa = PBXFileReference; lastKnownFileType = sourcecode.c.objc; path = InputTableViewCell.m; sourceTree = "<group>"; };
		0A5C4E0825C2DD4300CFBE60 /* DateTableViewCell.h */ = {isa = PBXFileReference; lastKnownFileType = sourcecode.c.h; path = DateTableViewCell.h; sourceTree = "<group>"; };
		0A5C4E0925C2DD4300CFBE60 /* DateTableViewCell.m */ = {isa = PBXFileReference; lastKnownFileType = sourcecode.c.objc; path = DateTableViewCell.m; sourceTree = "<group>"; };
		0A5C4E0E25C2DD5000CFBE60 /* SelectTableViewCell.h */ = {isa = PBXFileReference; lastKnownFileType = sourcecode.c.h; path = SelectTableViewCell.h; sourceTree = "<group>"; };
		0A5C4E0F25C2DD5000CFBE60 /* SelectTableViewCell.m */ = {isa = PBXFileReference; lastKnownFileType = sourcecode.c.objc; path = SelectTableViewCell.m; sourceTree = "<group>"; };
		0A5C4E2525C7DAA500CFBE60 /* DateTimePickerView.h */ = {isa = PBXFileReference; lastKnownFileType = sourcecode.c.h; path = DateTimePickerView.h; sourceTree = "<group>"; };
		0A5C4E2625C7DAA500CFBE60 /* DateTimePickerView.m */ = {isa = PBXFileReference; lastKnownFileType = sourcecode.c.objc; path = DateTimePickerView.m; sourceTree = "<group>"; };
		B3F13C7D0E6B255AA8EA5482 /* Pods-Driver_Register.release.xcconfig */ = {isa = PBXFileReference; includeInIndex = 1; lastKnownFileType = text.xcconfig; name = "Pods-Driver_Register.release.xcconfig"; path = "Target Support Files/Pods-Driver_Register/Pods-Driver_Register.release.xcconfig"; sourceTree = "<group>"; };
		B9B17A3365C17CFE9ADA0E67 /* Pods_Driver_Register.framework */ = {isa = PBXFileReference; explicitFileType = wrapper.framework; includeInIndex = 0; path = Pods_Driver_Register.framework; sourceTree = BUILT_PRODUCTS_DIR; };
		CB85CFE99EF4C4A122C388EB /* Pods-Driver_Register.debug.xcconfig */ = {isa = PBXFileReference; includeInIndex = 1; lastKnownFileType = text.xcconfig; name = "Pods-Driver_Register.debug.xcconfig"; path = "Target Support Files/Pods-Driver_Register/Pods-Driver_Register.debug.xcconfig"; sourceTree = "<group>"; };
/* End PBXFileReference section */

/* Begin PBXFrameworksBuildPhase section */
		0A5C49D525BE659300CFBE60 /* Frameworks */ = {
			isa = PBXFrameworksBuildPhase;
			buildActionMask = 2147483647;
			files = (
				905AA98D6BCB5688A895C164 /* Pods_Driver_Register.framework in Frameworks */,
			);
			runOnlyForDeploymentPostprocessing = 0;
		};
		0A5C49F025BE659500CFBE60 /* Frameworks */ = {
			isa = PBXFrameworksBuildPhase;
			buildActionMask = 2147483647;
			files = (
			);
			runOnlyForDeploymentPostprocessing = 0;
		};
		0A5C49FB25BE659500CFBE60 /* Frameworks */ = {
			isa = PBXFrameworksBuildPhase;
			buildActionMask = 2147483647;
			files = (
			);
			runOnlyForDeploymentPostprocessing = 0;
		};
/* End PBXFrameworksBuildPhase section */

/* Begin PBXGroup section */
		0A102D0625C932CD0021B337 /* View */ = {
			isa = PBXGroup;
			children = (
				0A5C4E2525C7DAA500CFBE60 /* DateTimePickerView.h */,
				0A5C4E2625C7DAA500CFBE60 /* DateTimePickerView.m */,
			);
			path = View;
			sourceTree = "<group>";
		};
		0A23117F26005A1E00F730F4 /* ViewController */ = {
			isa = PBXGroup;
			children = (
				0A5C4A1925BE757000CFBE60 /* BasicPageViewController.h */,
				0A5C4A1A25BE757000CFBE60 /* BasicPageViewController.m */,
				0A102D0025C932AA0021B337 /* LocationViewController.h */,
				0A102D0125C932AA0021B337 /* LocationViewController.m */,
				0A5C4A2B25BE76CF00CFBE60 /* AuditInfoViewController.h */,
				0A5C4A2C25BE76CF00CFBE60 /* AuditInfoViewController.m */,
				0A102D6B25CAAF550021B337 /* ObtainABNViewController.h */,
				0A102D6C25CAAF550021B337 /* ObtainABNViewController.m */,
				0A102D7125CB9A320021B337 /* HandViewController.h */,
				0A102D7225CB9A320021B337 /* HandViewController.m */,
				0A102DC725E0E87D0021B337 /* DriverLicenceViewController.h */,
				0A102DC825E0E87D0021B337 /* DriverLicenceViewController.m */,
				0A102DF625E50FA10021B337 /* UpLoadViewController.h */,
				0A102DF725E50FA10021B337 /* UpLoadViewController.m */,
				0A102E0225E602B70021B337 /* DeclarationViewController.h */,
				0A102E0325E602B70021B337 /* DeclarationViewController.m */,
			);
			path = ViewController;
			sourceTree = "<group>";
		};
		0A23118726009A9C00F730F4 /* CollectionViewCell */ = {
			isa = PBXGroup;
			children = (
				0A23118826009ADA00F730F4 /* PhotoCollectionViewCell.h */,
				0A23118926009ADA00F730F4 /* PhotoCollectionViewCell.m */,
			);
			path = CollectionViewCell;
			sourceTree = "<group>";
		};
		0A23119226009C3E00F730F4 /* Image */ = {
			isa = PBXGroup;
			children = (
				0A2311962600B98000F730F4 /* delete.png */,
				0A102D4225C9495C0021B337 /* search.png */,
				0A102DAA25D11F360021B337 /* sun1.jpg */,
				0A102DD325E3B8A90021B337 /* sun2.jpg */,
			);
			path = Image;
			sourceTree = "<group>";
		};
		0A5C49CF25BE659300CFBE60 = {
			isa = PBXGroup;
			children = (
				0A5C49DA25BE659300CFBE60 /* Driver_Register */,
				0A5C49F625BE659500CFBE60 /* Driver_RegisterTests */,
				0A5C4A0125BE659500CFBE60 /* Driver_RegisterUITests */,
				0A5C49D925BE659300CFBE60 /* Products */,
				807B26E086B60D97F39E2DE3 /* Pods */,
				7194FB4164C59971C4922527 /* Frameworks */,
			);
			sourceTree = "<group>";
		};
		0A5C49D925BE659300CFBE60 /* Products */ = {
			isa = PBXGroup;
			children = (
				0A5C49D825BE659300CFBE60 /* Driver_Register.app */,
				0A5C49F325BE659500CFBE60 /* Driver_RegisterTests.xctest */,
				0A5C49FE25BE659500CFBE60 /* Driver_RegisterUITests.xctest */,
			);
			name = Products;
			sourceTree = "<group>";
		};
		0A5C49DA25BE659300CFBE60 /* Driver_Register */ = {
			isa = PBXGroup;
			children = (
				0A23119226009C3E00F730F4 /* Image */,
				0A23118726009A9C00F730F4 /* CollectionViewCell */,
				0A23117F26005A1E00F730F4 /* ViewController */,
				0A102D0625C932CD0021B337 /* View */,
				0A5C4DF225C2A95600CFBE60 /* TableViewCell */,
				0A5C4DF125C2A94900CFBE60 /* Model */,
				0A5C4DF025C2A93300CFBE60 /* Request */,
				0A5C49DB25BE659300CFBE60 /* AppDelegate.h */,
				0A5C49DC25BE659300CFBE60 /* AppDelegate.m */,
				0A5C49DE25BE659300CFBE60 /* SceneDelegate.h */,
				0A5C49E125BE659300CFBE60 /* ViewController.h */,
				0A5C49E225BE659300CFBE60 /* ViewController.m */,
				0A5C49E425BE659300CFBE60 /* Main.storyboard */,
				0A5C49E725BE659500CFBE60 /* Assets.xcassets */,
				0A5C49E925BE659500CFBE60 /* LaunchScreen.storyboard */,
				0A5C49EC25BE659500CFBE60 /* Info.plist */,
				0A5C49ED25BE659500CFBE60 /* main.m */,
				0A5C49DF25BE659300CFBE60 /* SceneDelegate.m */,
				0A23117925FF89C400F730F4 /* JointParams.h */,
				0A23117A25FF89C400F730F4 /* JointParams.m */,
			);
			path = Driver_Register;
			sourceTree = "<group>";
		};
		0A5C49F625BE659500CFBE60 /* Driver_RegisterTests */ = {
			isa = PBXGroup;
			children = (
				0A5C49F725BE659500CFBE60 /* Driver_RegisterTests.m */,
				0A5C49F925BE659500CFBE60 /* Info.plist */,
			);
			path = Driver_RegisterTests;
			sourceTree = "<group>";
		};
		0A5C4A0125BE659500CFBE60 /* Driver_RegisterUITests */ = {
			isa = PBXGroup;
			children = (
				0A5C4A0225BE659500CFBE60 /* Driver_RegisterUITests.m */,
				0A5C4A0425BE659500CFBE60 /* Info.plist */,
			);
			path = Driver_RegisterUITests;
			sourceTree = "<group>";
		};
		0A5C4DF025C2A93300CFBE60 /* Request */ = {
			isa = PBXGroup;
			children = (
				0A5C4A4D25BED69800CFBE60 /* RegProgress_req.h */,
				0A5C4A4E25BED69800CFBE60 /* RegProgress_req.m */,
				0A5C4DDD25C265FC00CFBE60 /* BasicPageConfig_req.h */,
				0A5C4DDE25C265FC00CFBE60 /* BasicPageConfig_req.m */,
				0A102CF425C900FA0021B337 /* LocateCity_req.h */,
				0A102CF525C900FA0021B337 /* LocateCity_req.m */,
				0A102D8325CFEA970021B337 /* AuditInfo_req.h */,
				0A102D8425CFEA970021B337 /* AuditInfo_req.m */,
			);
			path = Request;
			sourceTree = "<group>";
		};
		0A5C4DF125C2A94900CFBE60 /* Model */ = {
			isa = PBXGroup;
			children = (
				0A5C4A5A25BFBBDA00CFBE60 /* RegProgressModel.h */,
				0A5C4A5B25BFBBDA00CFBE60 /* RegProgressModel.m */,
				0A5C4DD725C265D000CFBE60 /* BasicPageConfigModel.h */,
				0A5C4DD825C265D000CFBE60 /* BasicPageConfigModel.m */,
				0A102CFA25C9011B0021B337 /* LocateCityModel.h */,
				0A102CFB25C9011B0021B337 /* LocateCityModel.m */,
				0A102D7D25CFD5630021B337 /* AuditInfoModel.h */,
				0A102D7E25CFD5630021B337 /* AuditInfoModel.m */,
			);
			path = Model;
			sourceTree = "<group>";
		};
		0A5C4DF225C2A95600CFBE60 /* TableViewCell */ = {
			isa = PBXGroup;
			children = (
				0A5C4DFF25C2DCFF00CFBE60 /* InputTableViewCell.h */,
				0A5C4E0025C2DCFF00CFBE60 /* InputTableViewCell.m */,
				0A5C4E0825C2DD4300CFBE60 /* DateTableViewCell.h */,
				0A5C4E0925C2DD4300CFBE60 /* DateTableViewCell.m */,
				0A5C4E0E25C2DD5000CFBE60 /* SelectTableViewCell.h */,
				0A5C4E0F25C2DD5000CFBE60 /* SelectTableViewCell.m */,
				0A102D5F25CA9AD50021B337 /* TextLinkTableViewCell.h */,
				0A102D6025CA9AD50021B337 /* TextLinkTableViewCell.m */,
				0A102D6525CA9AE30021B337 /* ButtonOfflineTableViewCell.h */,
				0A102D6625CA9AE30021B337 /* ButtonOfflineTableViewCell.m */,
				0A102DB225D23EBD0021B337 /* BannerTableViewCell.h */,
				0A102DB325D23EBD0021B337 /* BannerTableViewCell.m */,
				0A102D8C25D0E2E00021B337 /* MultiPhotoTableViewCell.h */,
				0A102D8D25D0E2E00021B337 /* MultiPhotoTableViewCell.m */,
				0A102DA425D0E36A0021B337 /* ButtonTableViewCell.h */,
				0A102DA525D0E36A0021B337 /* ButtonTableViewCell.m */,
			);
			path = TableViewCell;
			sourceTree = "<group>";
		};
		7194FB4164C59971C4922527 /* Frameworks */ = {
			isa = PBXGroup;
			children = (
				B9B17A3365C17CFE9ADA0E67 /* Pods_Driver_Register.framework */,
			);
			name = Frameworks;
			sourceTree = "<group>";
		};
		807B26E086B60D97F39E2DE3 /* Pods */ = {
			isa = PBXGroup;
			children = (
				CB85CFE99EF4C4A122C388EB /* Pods-Driver_Register.debug.xcconfig */,
				B3F13C7D0E6B255AA8EA5482 /* Pods-Driver_Register.release.xcconfig */,
			);
			path = Pods;
			sourceTree = "<group>";
		};
/* End PBXGroup section */

/* Begin PBXNativeTarget section */
		0A5C49D725BE659300CFBE60 /* Driver_Register */ = {
			isa = PBXNativeTarget;
			buildConfigurationList = 0A5C4A0725BE659500CFBE60 /* Build configuration list for PBXNativeTarget "Driver_Register" */;
			buildPhases = (
				5E87DBF3F0886BA98C81AE51 /* [CP] Check Pods Manifest.lock */,
				0A5C49D425BE659300CFBE60 /* Sources */,
				0A5C49D525BE659300CFBE60 /* Frameworks */,
				0A5C49D625BE659300CFBE60 /* Resources */,
				7A3AEFA11741B449F5EBF2E3 /* [CP] Embed Pods Frameworks */,
			);
			buildRules = (
			);
			dependencies = (
			);
			name = Driver_Register;
			productName = Driver_Register;
			productReference = 0A5C49D825BE659300CFBE60 /* Driver_Register.app */;
			productType = "com.apple.product-type.application";
		};
		0A5C49F225BE659500CFBE60 /* Driver_RegisterTests */ = {
			isa = PBXNativeTarget;
			buildConfigurationList = 0A5C4A0A25BE659500CFBE60 /* Build configuration list for PBXNativeTarget "Driver_RegisterTests" */;
			buildPhases = (
				0A5C49EF25BE659500CFBE60 /* Sources */,
				0A5C49F025BE659500CFBE60 /* Frameworks */,
				0A5C49F125BE659500CFBE60 /* Resources */,
			);
			buildRules = (
			);
			dependencies = (
				0A5C49F525BE659500CFBE60 /* PBXTargetDependency */,
			);
			name = Driver_RegisterTests;
			productName = Driver_RegisterTests;
			productReference = 0A5C49F325BE659500CFBE60 /* Driver_RegisterTests.xctest */;
			productType = "com.apple.product-type.bundle.unit-test";
		};
		0A5C49FD25BE659500CFBE60 /* Driver_RegisterUITests */ = {
			isa = PBXNativeTarget;
			buildConfigurationList = 0A5C4A0D25BE659500CFBE60 /* Build configuration list for PBXNativeTarget "Driver_RegisterUITests" */;
			buildPhases = (
				0A5C49FA25BE659500CFBE60 /* Sources */,
				0A5C49FB25BE659500CFBE60 /* Frameworks */,
				0A5C49FC25BE659500CFBE60 /* Resources */,
			);
			buildRules = (
			);
			dependencies = (
				0A5C4A0025BE659500CFBE60 /* PBXTargetDependency */,
			);
			name = Driver_RegisterUITests;
			productName = Driver_RegisterUITests;
			productReference = 0A5C49FE25BE659500CFBE60 /* Driver_RegisterUITests.xctest */;
			productType = "com.apple.product-type.bundle.ui-testing";
		};
/* End PBXNativeTarget section */

/* Begin PBXProject section */
		0A5C49D025BE659300CFBE60 /* Project object */ = {
			isa = PBXProject;
			attributes = {
				LastUpgradeCheck = 1230;
				TargetAttributes = {
					0A5C49D725BE659300CFBE60 = {
						CreatedOnToolsVersion = 12.3;
					};
					0A5C49F225BE659500CFBE60 = {
						CreatedOnToolsVersion = 12.3;
						TestTargetID = 0A5C49D725BE659300CFBE60;
					};
					0A5C49FD25BE659500CFBE60 = {
						CreatedOnToolsVersion = 12.3;
						TestTargetID = 0A5C49D725BE659300CFBE60;
					};
				};
			};
			buildConfigurationList = 0A5C49D325BE659300CFBE60 /* Build configuration list for PBXProject "Driver_Register" */;
			compatibilityVersion = "Xcode 9.3";
			developmentRegion = en;
			hasScannedForEncodings = 0;
			knownRegions = (
				en,
				Base,
			);
			mainGroup = 0A5C49CF25BE659300CFBE60;
			productRefGroup = 0A5C49D925BE659300CFBE60 /* Products */;
			projectDirPath = "";
			projectRoot = "";
			targets = (
				0A5C49D725BE659300CFBE60 /* Driver_Register */,
				0A5C49F225BE659500CFBE60 /* Driver_RegisterTests */,
				0A5C49FD25BE659500CFBE60 /* Driver_RegisterUITests */,
			);
		};
/* End PBXProject section */

/* Begin PBXResourcesBuildPhase section */
		0A5C49D625BE659300CFBE60 /* Resources */ = {
			isa = PBXResourcesBuildPhase;
			buildActionMask = 2147483647;
			files = (
				0A5C49EB25BE659500CFBE60 /* LaunchScreen.storyboard in Resources */,
				0A5C49E825BE659500CFBE60 /* Assets.xcassets in Resources */,
				0A5C49E625BE659300CFBE60 /* Main.storyboard in Resources */,
				0A102D4325C9495C0021B337 /* search.png in Resources */,
				0A2311972600B98100F730F4 /* delete.png in Resources */,
				0A102DD425E3B8A90021B337 /* sun2.jpg in Resources */,
				0A102DAB25D11F360021B337 /* sun1.jpg in Resources */,
			);
			runOnlyForDeploymentPostprocessing = 0;
		};
		0A5C49F125BE659500CFBE60 /* Resources */ = {
			isa = PBXResourcesBuildPhase;
			buildActionMask = 2147483647;
			files = (
			);
			runOnlyForDeploymentPostprocessing = 0;
		};
		0A5C49FC25BE659500CFBE60 /* Resources */ = {
			isa = PBXResourcesBuildPhase;
			buildActionMask = 2147483647;
			files = (
			);
			runOnlyForDeploymentPostprocessing = 0;
		};
/* End PBXResourcesBuildPhase section */

/* Begin PBXShellScriptBuildPhase section */
		5E87DBF3F0886BA98C81AE51 /* [CP] Check Pods Manifest.lock */ = {
			isa = PBXShellScriptBuildPhase;
			buildActionMask = 2147483647;
			files = (
			);
			inputFileListPaths = (
			);
			inputPaths = (
				"${PODS_PODFILE_DIR_PATH}/Podfile.lock",
				"${PODS_ROOT}/Manifest.lock",
			);
			name = "[CP] Check Pods Manifest.lock";
			outputFileListPaths = (
			);
			outputPaths = (
				"$(DERIVED_FILE_DIR)/Pods-Driver_Register-checkManifestLockResult.txt",
			);
			runOnlyForDeploymentPostprocessing = 0;
			shellPath = /bin/sh;
			shellScript = "diff \"${PODS_PODFILE_DIR_PATH}/Podfile.lock\" \"${PODS_ROOT}/Manifest.lock\" > /dev/null\nif [ $? != 0 ] ; then\n    # print error to STDERR\n    echo \"error: The sandbox is not in sync with the Podfile.lock. Run 'pod install' or update your CocoaPods installation.\" >&2\n    exit 1\nfi\n# This output is used by Xcode 'outputs' to avoid re-running this script phase.\necho \"SUCCESS\" > \"${SCRIPT_OUTPUT_FILE_0}\"\n";
			showEnvVarsInLog = 0;
		};
		7A3AEFA11741B449F5EBF2E3 /* [CP] Embed Pods Frameworks */ = {
			isa = PBXShellScriptBuildPhase;
			buildActionMask = 2147483647;
			files = (
			);
			inputFileListPaths = (
				"${PODS_ROOT}/Target Support Files/Pods-Driver_Register/Pods-Driver_Register-frameworks-${CONFIGURATION}-input-files.xcfilelist",
			);
			name = "[CP] Embed Pods Frameworks";
			outputFileListPaths = (
				"${PODS_ROOT}/Target Support Files/Pods-Driver_Register/Pods-Driver_Register-frameworks-${CONFIGURATION}-output-files.xcfilelist",
			);
			runOnlyForDeploymentPostprocessing = 0;
			shellPath = /bin/sh;
			shellScript = "\"${PODS_ROOT}/Target Support Files/Pods-Driver_Register/Pods-Driver_Register-frameworks.sh\"\n";
			showEnvVarsInLog = 0;
		};
/* End PBXShellScriptBuildPhase section */

/* Begin PBXSourcesBuildPhase section */
		0A5C49D425BE659300CFBE60 /* Sources */ = {
			isa = PBXSourcesBuildPhase;
			buildActionMask = 2147483647;
			files = (
				0A102D7F25CFD5630021B337 /* AuditInfoModel.m in Sources */,
				0A5C4A4F25BED69800CFBE60 /* RegProgress_req.m in Sources */,
				0A102D7325CB9A320021B337 /* HandViewController.m in Sources */,
				0A102DF825E50FA10021B337 /* UpLoadViewController.m in Sources */,
				0A102DA625D0E36A0021B337 /* ButtonTableViewCell.m in Sources */,
				0A5C4A5C25BFBBDA00CFBE60 /* RegProgressModel.m in Sources */,
				0A102E0425E602B70021B337 /* DeclarationViewController.m in Sources */,
				0A102D6125CA9AD50021B337 /* TextLinkTableViewCell.m in Sources */,
				0A102DC925E0E87D0021B337 /* DriverLicenceViewController.m in Sources */,
				0A102CF625C900FA0021B337 /* LocateCity_req.m in Sources */,
				0A5C4A1B25BE757000CFBE60 /* BasicPageViewController.m in Sources */,
				0A102D0225C932AA0021B337 /* LocationViewController.m in Sources */,
				0A5C4DD925C265D000CFBE60 /* BasicPageConfigModel.m in Sources */,
				0A5C4DDF25C265FC00CFBE60 /* BasicPageConfig_req.m in Sources */,
				0A5C4E1025C2DD5000CFBE60 /* SelectTableViewCell.m in Sources */,
				0A102DB425D23EBD0021B337 /* BannerTableViewCell.m in Sources */,
				0A23117B25FF89C400F730F4 /* JointParams.m in Sources */,
				0A102D6D25CAAF550021B337 /* ObtainABNViewController.m in Sources */,
				0A102D8525CFEA970021B337 /* AuditInfo_req.m in Sources */,
				0A5C49E325BE659300CFBE60 /* ViewController.m in Sources */,
				0A5C4A2D25BE76CF00CFBE60 /* AuditInfoViewController.m in Sources */,
				0A5C4E0A25C2DD4300CFBE60 /* DateTableViewCell.m in Sources */,
				0A5C49DD25BE659300CFBE60 /* AppDelegate.m in Sources */,
				0A23118A26009ADA00F730F4 /* PhotoCollectionViewCell.m in Sources */,
				0A5C49EE25BE659500CFBE60 /* main.m in Sources */,
				0A102D6725CA9AE30021B337 /* ButtonOfflineTableViewCell.m in Sources */,
				0A5C4E0125C2DCFF00CFBE60 /* InputTableViewCell.m in Sources */,
				0A102D8E25D0E2E00021B337 /* MultiPhotoTableViewCell.m in Sources */,
				0A5C49E025BE659300CFBE60 /* SceneDelegate.m in Sources */,
				0A102CFC25C9011B0021B337 /* LocateCityModel.m in Sources */,
				0A5C4E2725C7DAA500CFBE60 /* DateTimePickerView.m in Sources */,
			);
			runOnlyForDeploymentPostprocessing = 0;
		};
		0A5C49EF25BE659500CFBE60 /* Sources */ = {
			isa = PBXSourcesBuildPhase;
			buildActionMask = 2147483647;
			files = (
				0A5C49F825BE659500CFBE60 /* Driver_RegisterTests.m in Sources */,
			);
			runOnlyForDeploymentPostprocessing = 0;
		};
		0A5C49FA25BE659500CFBE60 /* Sources */ = {
			isa = PBXSourcesBuildPhase;
			buildActionMask = 2147483647;
			files = (
				0A5C4A0325BE659500CFBE60 /* Driver_RegisterUITests.m in Sources */,
			);
			runOnlyForDeploymentPostprocessing = 0;
		};
/* End PBXSourcesBuildPhase section */

/* Begin PBXTargetDependency section */
		0A5C49F525BE659500CFBE60 /* PBXTargetDependency */ = {
			isa = PBXTargetDependency;
			target = 0A5C49D725BE659300CFBE60 /* Driver_Register */;
			targetProxy = 0A5C49F425BE659500CFBE60 /* PBXContainerItemProxy */;
		};
		0A5C4A0025BE659500CFBE60 /* PBXTargetDependency */ = {
			isa = PBXTargetDependency;
			target = 0A5C49D725BE659300CFBE60 /* Driver_Register */;
			targetProxy = 0A5C49FF25BE659500CFBE60 /* PBXContainerItemProxy */;
		};
/* End PBXTargetDependency section */

/* Begin PBXVariantGroup section */
		0A5C49E425BE659300CFBE60 /* Main.storyboard */ = {
			isa = PBXVariantGroup;
			children = (
				0A5C49E525BE659300CFBE60 /* Base */,
			);
			name = Main.storyboard;
			sourceTree = "<group>";
		};
		0A5C49E925BE659500CFBE60 /* LaunchScreen.storyboard */ = {
			isa = PBXVariantGroup;
			children = (
				0A5C49EA25BE659500CFBE60 /* Base */,
			);
			name = LaunchScreen.storyboard;
			sourceTree = "<group>";
		};
/* End PBXVariantGroup section */

/* Begin XCBuildConfiguration section */
		0A5C4A0525BE659500CFBE60 /* Debug */ = {
			isa = XCBuildConfiguration;
			buildSettings = {
				ALWAYS_SEARCH_USER_PATHS = NO;
				CLANG_ANALYZER_NONNULL = YES;
				CLANG_ANALYZER_NUMBER_OBJECT_CONVERSION = YES_AGGRESSIVE;
				CLANG_CXX_LANGUAGE_STANDARD = "gnu++14";
				CLANG_CXX_LIBRARY = "libc++";
				CLANG_ENABLE_MODULES = YES;
				CLANG_ENABLE_OBJC_ARC = YES;
				CLANG_ENABLE_OBJC_WEAK = YES;
				CLANG_WARN_BLOCK_CAPTURE_AUTORELEASING = YES;
				CLANG_WARN_BOOL_CONVERSION = YES;
				CLANG_WARN_COMMA = YES;
				CLANG_WARN_CONSTANT_CONVERSION = YES;
				CLANG_WARN_DEPRECATED_OBJC_IMPLEMENTATIONS = YES;
				CLANG_WARN_DIRECT_OBJC_ISA_USAGE = YES_ERROR;
				CLANG_WARN_DOCUMENTATION_COMMENTS = YES;
				CLANG_WARN_EMPTY_BODY = YES;
				CLANG_WARN_ENUM_CONVERSION = YES;
				CLANG_WARN_INFINITE_RECURSION = YES;
				CLANG_WARN_INT_CONVERSION = YES;
				CLANG_WARN_NON_LITERAL_NULL_CONVERSION = YES;
				CLANG_WARN_OBJC_IMPLICIT_RETAIN_SELF = YES;
				CLANG_WARN_OBJC_LITERAL_CONVERSION = YES;
				CLANG_WARN_OBJC_ROOT_CLASS = YES_ERROR;
				CLANG_WARN_QUOTED_INCLUDE_IN_FRAMEWORK_HEADER = YES;
				CLANG_WARN_RANGE_LOOP_ANALYSIS = YES;
				CLANG_WARN_STRICT_PROTOTYPES = YES;
				CLANG_WARN_SUSPICIOUS_MOVE = YES;
				CLANG_WARN_UNGUARDED_AVAILABILITY = YES_AGGRESSIVE;
				CLANG_WARN_UNREACHABLE_CODE = YES;
				CLANG_WARN__DUPLICATE_METHOD_MATCH = YES;
				COPY_PHASE_STRIP = NO;
				DEBUG_INFORMATION_FORMAT = dwarf;
				ENABLE_STRICT_OBJC_MSGSEND = YES;
				ENABLE_TESTABILITY = YES;
				GCC_C_LANGUAGE_STANDARD = gnu11;
				GCC_DYNAMIC_NO_PIC = NO;
				GCC_NO_COMMON_BLOCKS = YES;
				GCC_OPTIMIZATION_LEVEL = 0;
				GCC_PREPROCESSOR_DEFINITIONS = (
					"DEBUG=1",
					"$(inherited)",
				);
				GCC_WARN_64_TO_32_BIT_CONVERSION = YES;
				GCC_WARN_ABOUT_RETURN_TYPE = YES_ERROR;
				GCC_WARN_UNDECLARED_SELECTOR = YES;
				GCC_WARN_UNINITIALIZED_AUTOS = YES_AGGRESSIVE;
				GCC_WARN_UNUSED_FUNCTION = YES;
				GCC_WARN_UNUSED_VARIABLE = YES;
				IPHONEOS_DEPLOYMENT_TARGET = 14.3;
				MTL_ENABLE_DEBUG_INFO = INCLUDE_SOURCE;
				MTL_FAST_MATH = YES;
				ONLY_ACTIVE_ARCH = YES;
				SDKROOT = iphoneos;
			};
			name = Debug;
		};
		0A5C4A0625BE659500CFBE60 /* Release */ = {
			isa = XCBuildConfiguration;
			buildSettings = {
				ALWAYS_SEARCH_USER_PATHS = NO;
				CLANG_ANALYZER_NONNULL = YES;
				CLANG_ANALYZER_NUMBER_OBJECT_CONVERSION = YES_AGGRESSIVE;
				CLANG_CXX_LANGUAGE_STANDARD = "gnu++14";
				CLANG_CXX_LIBRARY = "libc++";
				CLANG_ENABLE_MODULES = YES;
				CLANG_ENABLE_OBJC_ARC = YES;
				CLANG_ENABLE_OBJC_WEAK = YES;
				CLANG_WARN_BLOCK_CAPTURE_AUTORELEASING = YES;
				CLANG_WARN_BOOL_CONVERSION = YES;
				CLANG_WARN_COMMA = YES;
				CLANG_WARN_CONSTANT_CONVERSION = YES;
				CLANG_WARN_DEPRECATED_OBJC_IMPLEMENTATIONS = YES;
				CLANG_WARN_DIRECT_OBJC_ISA_USAGE = YES_ERROR;
				CLANG_WARN_DOCUMENTATION_COMMENTS = YES;
				CLANG_WARN_EMPTY_BODY = YES;
				CLANG_WARN_ENUM_CONVERSION = YES;
				CLANG_WARN_INFINITE_RECURSION = YES;
				CLANG_WARN_INT_CONVERSION = YES;
				CLANG_WARN_NON_LITERAL_NULL_CONVERSION = YES;
				CLANG_WARN_OBJC_IMPLICIT_RETAIN_SELF = YES;
				CLANG_WARN_OBJC_LITERAL_CONVERSION = YES;
				CLANG_WARN_OBJC_ROOT_CLASS = YES_ERROR;
				CLANG_WARN_QUOTED_INCLUDE_IN_FRAMEWORK_HEADER = YES;
				CLANG_WARN_RANGE_LOOP_ANALYSIS = YES;
				CLANG_WARN_STRICT_PROTOTYPES = YES;
				CLANG_WARN_SUSPICIOUS_MOVE = YES;
				CLANG_WARN_UNGUARDED_AVAILABILITY = YES_AGGRESSIVE;
				CLANG_WARN_UNREACHABLE_CODE = YES;
				CLANG_WARN__DUPLICATE_METHOD_MATCH = YES;
				COPY_PHASE_STRIP = NO;
				DEBUG_INFORMATION_FORMAT = "dwarf-with-dsym";
				ENABLE_NS_ASSERTIONS = NO;
				ENABLE_STRICT_OBJC_MSGSEND = YES;
				GCC_C_LANGUAGE_STANDARD = gnu11;
				GCC_NO_COMMON_BLOCKS = YES;
				GCC_WARN_64_TO_32_BIT_CONVERSION = YES;
				GCC_WARN_ABOUT_RETURN_TYPE = YES_ERROR;
				GCC_WARN_UNDECLARED_SELECTOR = YES;
				GCC_WARN_UNINITIALIZED_AUTOS = YES_AGGRESSIVE;
				GCC_WARN_UNUSED_FUNCTION = YES;
				GCC_WARN_UNUSED_VARIABLE = YES;
				IPHONEOS_DEPLOYMENT_TARGET = 14.3;
				MTL_ENABLE_DEBUG_INFO = NO;
				MTL_FAST_MATH = YES;
				SDKROOT = iphoneos;
				VALIDATE_PRODUCT = YES;
			};
			name = Release;
		};
		0A5C4A0825BE659500CFBE60 /* Debug */ = {
			isa = XCBuildConfiguration;
			baseConfigurationReference = CB85CFE99EF4C4A122C388EB /* Pods-Driver_Register.debug.xcconfig */;
			buildSettings = {
				ASSETCATALOG_COMPILER_APPICON_NAME = AppIcon;
				ASSETCATALOG_COMPILER_GLOBAL_ACCENT_COLOR_NAME = AccentColor;
				CODE_SIGN_IDENTITY = "Apple Development";
				CODE_SIGN_STYLE = Automatic;
				INFOPLIST_FILE = Driver_Register/Info.plist;
				LD_RUNPATH_SEARCH_PATHS = (
					"$(inherited)",
					"@executable_path/Frameworks",
				);
				PRODUCT_BUNDLE_IDENTIFIER = "com.thinkofsomethingclever.Driver-Register";
				PRODUCT_NAME = "$(TARGET_NAME)";
				TARGETED_DEVICE_FAMILY = "1,2";
			};
			name = Debug;
		};
		0A5C4A0925BE659500CFBE60 /* Release */ = {
			isa = XCBuildConfiguration;
			baseConfigurationReference = B3F13C7D0E6B255AA8EA5482 /* Pods-Driver_Register.release.xcconfig */;
			buildSettings = {
				ASSETCATALOG_COMPILER_APPICON_NAME = AppIcon;
				ASSETCATALOG_COMPILER_GLOBAL_ACCENT_COLOR_NAME = AccentColor;
				CODE_SIGN_IDENTITY = "Apple Development";
				CODE_SIGN_STYLE = Automatic;
				INFOPLIST_FILE = Driver_Register/Info.plist;
				LD_RUNPATH_SEARCH_PATHS = (
					"$(inherited)",
					"@executable_path/Frameworks",
				);
				PRODUCT_BUNDLE_IDENTIFIER = "com.thinkofsomethingclever.Driver-Register";
				PRODUCT_NAME = "$(TARGET_NAME)";
				TARGETED_DEVICE_FAMILY = "1,2";
			};
			name = Release;
		};
		0A5C4A0B25BE659500CFBE60 /* Debug */ = {
			isa = XCBuildConfiguration;
			buildSettings = {
				BUNDLE_LOADER = "$(TEST_HOST)";
				CODE_SIGN_STYLE = Automatic;
				INFOPLIST_FILE = Driver_RegisterTests/Info.plist;
				IPHONEOS_DEPLOYMENT_TARGET = 14.3;
				LD_RUNPATH_SEARCH_PATHS = (
					"$(inherited)",
					"@executable_path/Frameworks",
					"@loader_path/Frameworks",
				);
				PRODUCT_BUNDLE_IDENTIFIER = "com.thinkofsomethingclever.Driver-RegisterTests";
				PRODUCT_NAME = "$(TARGET_NAME)";
				TARGETED_DEVICE_FAMILY = "1,2";
				TEST_HOST = "$(BUILT_PRODUCTS_DIR)/Driver_Register.app/Driver_Register";
			};
			name = Debug;
		};
		0A5C4A0C25BE659500CFBE60 /* Release */ = {
			isa = XCBuildConfiguration;
			buildSettings = {
				BUNDLE_LOADER = "$(TEST_HOST)";
				CODE_SIGN_STYLE = Automatic;
				INFOPLIST_FILE = Driver_RegisterTests/Info.plist;
				IPHONEOS_DEPLOYMENT_TARGET = 14.3;
				LD_RUNPATH_SEARCH_PATHS = (
					"$(inherited)",
					"@executable_path/Frameworks",
					"@loader_path/Frameworks",
				);
				PRODUCT_BUNDLE_IDENTIFIER = "com.thinkofsomethingclever.Driver-RegisterTests";
				PRODUCT_NAME = "$(TARGET_NAME)";
				TARGETED_DEVICE_FAMILY = "1,2";
				TEST_HOST = "$(BUILT_PRODUCTS_DIR)/Driver_Register.app/Driver_Register";
			};
			name = Release;
		};
		0A5C4A0E25BE659500CFBE60 /* Debug */ = {
			isa = XCBuildConfiguration;
			buildSettings = {
				CODE_SIGN_STYLE = Automatic;
				INFOPLIST_FILE = Driver_RegisterUITests/Info.plist;
				LD_RUNPATH_SEARCH_PATHS = (
					"$(inherited)",
					"@executable_path/Frameworks",
					"@loader_path/Frameworks",
				);
				PRODUCT_BUNDLE_IDENTIFIER = "com.thinkofsomethingclever.Driver-RegisterUITests";
				PRODUCT_NAME = "$(TARGET_NAME)";
				TARGETED_DEVICE_FAMILY = "1,2";
				TEST_TARGET_NAME = Driver_Register;
			};
			name = Debug;
		};
		0A5C4A0F25BE659500CFBE60 /* Release */ = {
			isa = XCBuildConfiguration;
			buildSettings = {
				CODE_SIGN_STYLE = Automatic;
				INFOPLIST_FILE = Driver_RegisterUITests/Info.plist;
				LD_RUNPATH_SEARCH_PATHS = (
					"$(inherited)",
					"@executable_path/Frameworks",
					"@loader_path/Frameworks",
				);
				PRODUCT_BUNDLE_IDENTIFIER = "com.thinkofsomethingclever.Driver-RegisterUITests";
				PRODUCT_NAME = "$(TARGET_NAME)";
				TARGETED_DEVICE_FAMILY = "1,2";
				TEST_TARGET_NAME = Driver_Register;
			};
			name = Release;
		};
/* End XCBuildConfiguration section */

/* Begin XCConfigurationList section */
		0A5C49D325BE659300CFBE60 /* Build configuration list for PBXProject "Driver_Register" */ = {
			isa = XCConfigurationList;
			buildConfigurations = (
				0A5C4A0525BE659500CFBE60 /* Debug */,
				0A5C4A0625BE659500CFBE60 /* Release */,
			);
			defaultConfigurationIsVisible = 0;
			defaultConfigurationName = Release;
		};
		0A5C4A0725BE659500CFBE60 /* Build configuration list for PBXNativeTarget "Driver_Register" */ = {
			isa = XCConfigurationList;
			buildConfigurations = (
				0A5C4A0825BE659500CFBE60 /* Debug */,
				0A5C4A0925BE659500CFBE60 /* Release */,
			);
			defaultConfigurationIsVisible = 0;
			defaultConfigurationName = Release;
		};
		0A5C4A0A25BE659500CFBE60 /* Build configuration list for PBXNativeTarget "Driver_RegisterTests" */ = {
			isa = XCConfigurationList;
			buildConfigurations = (
				0A5C4A0B25BE659500CFBE60 /* Debug */,
				0A5C4A0C25BE659500CFBE60 /* Release */,
			);
			defaultConfigurationIsVisible = 0;
			defaultConfigurationName = Release;
		};
		0A5C4A0D25BE659500CFBE60 /* Build configuration list for PBXNativeTarget "Driver_RegisterUITests" */ = {
			isa = XCConfigurationList;
			buildConfigurations = (
				0A5C4A0E25BE659500CFBE60 /* Debug */,
				0A5C4A0F25BE659500CFBE60 /* Release */,
			);
			defaultConfigurationIsVisible = 0;
			defaultConfigurationName = Release;
		};
/* End XCConfigurationList section */
	};
	rootObject = 0A5C49D025BE659300CFBE60 /* Project object */;
}
